
Microsoft Visual Studio Solution File, Format Version 12.00
# Visual Studio Version 17
VisualStudioVersion = 17.0.31912.275
MinimumVisualStudioVersion = 10.0.40219.1
Project("{FAE04EC0-301F-11D3-BF4B-00C04F79EFBC}") = "ImageTutorial.Android", "ImageTutorial\ImageTutorial.Android\ImageTutorial.Android.csproj", "{B5787C5F-6B44-41D4-B4C3-07BAFA133BFA}"
EndProject
Project("{FAE04EC0-301F-11D3-BF4B-00C04F79EFBC}") = "ImageTutorial", "ImageTutorial\ImageTutorial\ImageTutorial.csproj", "{3A294B1C-EC9A-4AD6-87DB-1169EC2D0EBC}"
EndProject
Global
	GlobalSection(SolutionConfigurationPlatforms) = preSolution
		Debug|Any CPU = Debug|Any CPU
		Release|Any CPU = Release|Any CPU
	EndGlobalSection
	GlobalSection(ProjectConfigurationPlatforms) = postSolution
		{B5787C5F-6B44-41D4-B4C3-07BAFA133BFA}.Debug|Any CPU.ActiveCfg = Debug|Any CPU
		{B5787C5F-6B44-41D4-B4C3-07BAFA133BFA}.Debug|Any CPU.Build.0 = Debug|Any CPU
		{B5787C5F-6B44-41D4-B4C3-07BAFA133BFA}.Debug|Any CPU.Deploy.0 = Debug|Any CPU
		{B5787C5F-6B44-41D4-B4C3-07BAFA133BFA}.Release|Any CPU.ActiveCfg = Release|Any CPU
		{B5787C5F-6B44-41D4-B4C3-07BAFA133BFA}.Release|Any CPU.Build.0 = Release|Any CPU
		{B5787C5F-6B44-41D4-B4C3-07BAFA133BFA}.Release|Any CPU.Deploy.0 = Release|Any CPU
		{3A294B1C-EC9A-4AD6-87DB-1169EC2D0EBC}.Debug|Any CPU.ActiveCfg = Debug|Any CPU
		{3A294B1C-EC9A-4AD6-87DB-1169EC2D0EBC}.Debug|Any CPU.Build.0 = Debug|Any CPU
		{3A294B1C-EC9A-4AD6-87DB-1169EC2D0EBC}.Debug|Any CPU.Deploy.0 = Debug|Any CPU
		{3A294B1C-EC9A-4AD6-87DB-1169EC2D0EBC}.Release|Any CPU.ActiveCfg = Release|Any CPU
		{3A294B1C-EC9A-4AD6-87DB-1169EC2D0EBC}.Release|Any CPU.Build.0 = Release|Any CPU
		{3A294B1C-EC9A-4AD6-87DB-1169EC2D0EBC}.Release|Any CPU.Deploy.0 = Release|Any CPU
	EndGlobalSection
	GlobalSection(SolutionProperties) = preSolution
		HideSolutionNode = FALSE
	EndGlobalSection
	GlobalSection(ExtensibilityGlobals) = postSolution
		SolutionGuid = {F696029C-072F-479A-A98C-B633935A3B8E}
	EndGlobalSection
EndGlobal
